
Microsoft Visual Studio Solution File, Format Version 12.00
# Visual Studio Version 17
VisualStudioVersion = 17.8.34330.188
MinimumVisualStudioVersion = 10.0.40219.1
Project("{FAE04EC0-301F-11D3-BF4B-00C04F79EFBC}") = "Homework01_01", "Homework01_01\Homework01_01.csproj", "{792FA077-6F26-46DC-88C8-DEE00E65C0A3}"
EndProject
Project("{FAE04EC0-301F-11D3-BF4B-00C04F79EFBC}") = "Homework01_02", "Homework01_02\Homework01_02.csproj", "{A68D9CF7-A847-4372-AC00-569E96133ABF}"
EndProject
Project("{FAE04EC0-301F-11D3-BF4B-00C04F79EFBC}") = "Homework01_03", "Homework01_03\Homework01_03.csproj", "{7BF1B186-0B96-4812-A82B-49E71D193580}"
EndProject
Project("{FAE04EC0-301F-11D3-BF4B-00C04F79EFBC}") = "Homework01_04", "Homework01_04\Homework01_04.csproj", "{02CD7B6D-216B-4E03-A811-E2BE55D398B7}"
EndProject
Project("{FAE04EC0-301F-11D3-BF4B-00C04F79EFBC}") = "Homework03-03", "Homework03-03\Homework03-03.csproj", "{58467099-BDA4-44EC-8BD3-D828C023F7D0}"
EndProject
Project("{FAE04EC0-301F-11D3-BF4B-00C04F79EFBC}") = "Homework03-04", "Homework03-04\Homework03-04.csproj", "{6773256C-5205-4D60-943A-691F615B4237}"
EndProject
Project("{FAE04EC0-301F-11D3-BF4B-00C04F79EFBC}") = "Homework03-01", "Homework03-01\Homework03-01.csproj", "{96E03E45-339F-42D2-9784-03454EACDAC9}"
EndProject
Project("{FAE04EC0-301F-11D3-BF4B-00C04F79EFBC}") = "Homework03-06", "Homework03-06\Homework03-06.csproj", "{D382ED4B-C249-47C7-8044-0B0D3F564B19}"
EndProject
Project("{FAE04EC0-301F-11D3-BF4B-00C04F79EFBC}") = "Homework03-02", "Homework03-02\Homework03-02.csproj", "{F93001B0-ABFC-4153-91B5-C242A798F28B}"
EndProject
Project("{FAE04EC0-301F-11D3-BF4B-00C04F79EFBC}") = "Homework03-05", "Homework03-05\Homework03-05.csproj", "{AA16D8B1-1A61-4BDA-922D-8835258CCA56}"
EndProject
Project("{FAE04EC0-301F-11D3-BF4B-00C04F79EFBC}") = "Homework08-02a", "Homework08-02a\Homework08-02a.csproj", "{7510E142-C579-419B-BFC1-0A9204E5F172}"
EndProject
Project("{FAE04EC0-301F-11D3-BF4B-00C04F79EFBC}") = "Homework08-02b", "Homework08-02b\Homework08-02b.csproj", "{0E73D7AC-3F80-424E-B8A9-D72CE96A2D69}"
EndProject
Project("{FAE04EC0-301F-11D3-BF4B-00C04F79EFBC}") = "Homework08-03", "Homework08-03\Homework08-03.csproj", "{CA9CE81D-9ED3-45CD-A8BA-1E454904D508}"
EndProject
Project("{FAE04EC0-301F-11D3-BF4B-00C04F79EFBC}") = "Homework08-01", "Homework08-01\Homework08-01.csproj", "{941852E6-373C-4928-B1C2-7EFA7E6F6453}"
EndProject
Project("{FAE04EC0-301F-11D3-BF4B-00C04F79EFBC}") = "Homework08-04", "Homework08-04\Homework08-04.csproj", "{8FA34CB4-B889-471D-9E3A-A0B12E6F811A}"
EndProject
Project("{FAE04EC0-301F-11D3-BF4B-00C04F79EFBC}") = "Homework08-05", "Homework08-05\Homework08-05.csproj", "{5A2AF537-5290-4074-B664-8E64279E37E7}"
EndProject
Project("{FAE04EC0-301F-11D3-BF4B-00C04F79EFBC}") = "Homework08-06", "Homework08-06\Homework08-06.csproj", "{CD6E1956-6D65-4BA7-9080-127B485A3B09}"
EndProject
Global
	GlobalSection(SolutionConfigurationPlatforms) = preSolution
		Debug|Any CPU = Debug|Any CPU
		Release|Any CPU = Release|Any CPU
	EndGlobalSection
	GlobalSection(ProjectConfigurationPlatforms) = postSolution
		{792FA077-6F26-46DC-88C8-DEE00E65C0A3}.Debug|Any CPU.ActiveCfg = Debug|Any CPU
		{792FA077-6F26-46DC-88C8-DEE00E65C0A3}.Debug|Any CPU.Build.0 = Debug|Any CPU
		{792FA077-6F26-46DC-88C8-DEE00E65C0A3}.Release|Any CPU.ActiveCfg = Release|Any CPU
		{792FA077-6F26-46DC-88C8-DEE00E65C0A3}.Release|Any CPU.Build.0 = Release|Any CPU
		{A68D9CF7-A847-4372-AC00-569E96133ABF}.Debug|Any CPU.ActiveCfg = Debug|Any CPU
		{A68D9CF7-A847-4372-AC00-569E96133ABF}.Debug|Any CPU.Build.0 = Debug|Any CPU
		{A68D9CF7-A847-4372-AC00-569E96133ABF}.Release|Any CPU.ActiveCfg = Release|Any CPU
		{A68D9CF7-A847-4372-AC00-569E96133ABF}.Release|Any CPU.Build.0 = Release|Any CPU
		{7BF1B186-0B96-4812-A82B-49E71D193580}.Debug|Any CPU.ActiveCfg = Debug|Any CPU
		{7BF1B186-0B96-4812-A82B-49E71D193580}.Debug|Any CPU.Build.0 = Debug|Any CPU
		{7BF1B186-0B96-4812-A82B-49E71D193580}.Release|Any CPU.ActiveCfg = Release|Any CPU
		{7BF1B186-0B96-4812-A82B-49E71D193580}.Release|Any CPU.Build.0 = Release|Any CPU
		{02CD7B6D-216B-4E03-A811-E2BE55D398B7}.Debug|Any CPU.ActiveCfg = Debug|Any CPU
		{02CD7B6D-216B-4E03-A811-E2BE55D398B7}.Debug|Any CPU.Build.0 = Debug|Any CPU
		{02CD7B6D-216B-4E03-A811-E2BE55D398B7}.Release|Any CPU.ActiveCfg = Release|Any CPU
		{02CD7B6D-216B-4E03-A811-E2BE55D398B7}.Release|Any CPU.Build.0 = Release|Any CPU
		{58467099-BDA4-44EC-8BD3-D828C023F7D0}.Debug|Any CPU.ActiveCfg = Debug|Any CPU
		{58467099-BDA4-44EC-8BD3-D828C023F7D0}.Debug|Any CPU.Build.0 = Debug|Any CPU
		{58467099-BDA4-44EC-8BD3-D828C023F7D0}.Release|Any CPU.ActiveCfg = Release|Any CPU
		{58467099-BDA4-44EC-8BD3-D828C023F7D0}.Release|Any CPU.Build.0 = Release|Any CPU
		{6773256C-5205-4D60-943A-691F615B4237}.Debug|Any CPU.ActiveCfg = Debug|Any CPU
		{6773256C-5205-4D60-943A-691F615B4237}.Debug|Any CPU.Build.0 = Debug|Any CPU
		{6773256C-5205-4D60-943A-691F615B4237}.Release|Any CPU.ActiveCfg = Release|Any CPU
		{6773256C-5205-4D60-943A-691F615B4237}.Release|Any CPU.Build.0 = Release|Any CPU
		{96E03E45-339F-42D2-9784-03454EACDAC9}.Debug|Any CPU.ActiveCfg = Debug|Any CPU
		{96E03E45-339F-42D2-9784-03454EACDAC9}.Debug|Any CPU.Build.0 = Debug|Any CPU
		{96E03E45-339F-42D2-9784-03454EACDAC9}.Release|Any CPU.ActiveCfg = Release|Any CPU
		{96E03E45-339F-42D2-9784-03454EACDAC9}.Release|Any CPU.Build.0 = Release|Any CPU
		{D382ED4B-C249-47C7-8044-0B0D3F564B19}.Debug|Any CPU.ActiveCfg = Debug|Any CPU
		{D382ED4B-C249-47C7-8044-0B0D3F564B19}.Debug|Any CPU.Build.0 = Debug|Any CPU
		{D382ED4B-C249-47C7-8044-0B0D3F564B19}.Release|Any CPU.ActiveCfg = Release|Any CPU
		{D382ED4B-C249-47C7-8044-0B0D3F564B19}.Release|Any CPU.Build.0 = Release|Any CPU
		{F93001B0-ABFC-4153-91B5-C242A798F28B}.Debug|Any CPU.ActiveCfg = Debug|Any CPU
		{F93001B0-ABFC-4153-91B5-C242A798F28B}.Debug|Any CPU.Build.0 = Debug|Any CPU
		{F93001B0-ABFC-4153-91B5-C242A798F28B}.Release|Any CPU.ActiveCfg = Release|Any CPU
		{F93001B0-ABFC-4153-91B5-C242A798F28B}.Release|Any CPU.Build.0 = Release|Any CPU
		{AA16D8B1-1A61-4BDA-922D-8835258CCA56}.Debug|Any CPU.ActiveCfg = Debug|Any CPU
		{AA16D8B1-1A61-4BDA-922D-8835258CCA56}.Debug|Any CPU.Build.0 = Debug|Any CPU
		{AA16D8B1-1A61-4BDA-922D-8835258CCA56}.Release|Any CPU.ActiveCfg = Release|Any CPU
		{AA16D8B1-1A61-4BDA-922D-8835258CCA56}.Release|Any CPU.Build.0 = Release|Any CPU
		{7510E142-C579-419B-BFC1-0A9204E5F172}.Debug|Any CPU.ActiveCfg = Debug|Any CPU
		{7510E142-C579-419B-BFC1-0A9204E5F172}.Debug|Any CPU.Build.0 = Debug|Any CPU
		{7510E142-C579-419B-BFC1-0A9204E5F172}.Release|Any CPU.ActiveCfg = Release|Any CPU
		{7510E142-C579-419B-BFC1-0A9204E5F172}.Release|Any CPU.Build.0 = Release|Any CPU
		{0E73D7AC-3F80-424E-B8A9-D72CE96A2D69}.Debug|Any CPU.ActiveCfg = Debug|Any CPU
		{0E73D7AC-3F80-424E-B8A9-D72CE96A2D69}.Debug|Any CPU.Build.0 = Debug|Any CPU
		{0E73D7AC-3F80-424E-B8A9-D72CE96A2D69}.Release|Any CPU.ActiveCfg = Release|Any CPU
		{0E73D7AC-3F80-424E-B8A9-D72CE96A2D69}.Release|Any CPU.Build.0 = Release|Any CPU
		{CA9CE81D-9ED3-45CD-A8BA-1E454904D508}.Debug|Any CPU.ActiveCfg = Debug|Any CPU
		{CA9CE81D-9ED3-45CD-A8BA-1E454904D508}.Debug|Any CPU.Build.0 = Debug|Any CPU
		{CA9CE81D-9ED3-45CD-A8BA-1E454904D508}.Release|Any CPU.ActiveCfg = Release|Any CPU
		{CA9CE81D-9ED3-45CD-A8BA-1E454904D508}.Release|Any CPU.Build.0 = Release|Any CPU
		{941852E6-373C-4928-B1C2-7EFA7E6F6453}.Debug|Any CPU.ActiveCfg = Debug|Any CPU
		{941852E6-373C-4928-B1C2-7EFA7E6F6453}.Debug|Any CPU.Build.0 = Debug|Any CPU
		{941852E6-373C-4928-B1C2-7EFA7E6F6453}.Release|Any CPU.ActiveCfg = Release|Any CPU
		{941852E6-373C-4928-B1C2-7EFA7E6F6453}.Release|Any CPU.Build.0 = Release|Any CPU
		{8FA34CB4-B889-471D-9E3A-A0B12E6F811A}.Debug|Any CPU.ActiveCfg = Debug|Any CPU
		{8FA34CB4-B889-471D-9E3A-A0B12E6F811A}.Debug|Any CPU.Build.0 = Debug|Any CPU
		{8FA34CB4-B889-471D-9E3A-A0B12E6F811A}.Release|Any CPU.ActiveCfg = Release|Any CPU
		{8FA34CB4-B889-471D-9E3A-A0B12E6F811A}.Release|Any CPU.Build.0 = Release|Any CPU
		{5A2AF537-5290-4074-B664-8E64279E37E7}.Debug|Any CPU.ActiveCfg = Debug|Any CPU
		{5A2AF537-5290-4074-B664-8E64279E37E7}.Debug|Any CPU.Build.0 = Debug|Any CPU
		{5A2AF537-5290-4074-B664-8E64279E37E7}.Release|Any CPU.ActiveCfg = Release|Any CPU
		{5A2AF537-5290-4074-B664-8E64279E37E7}.Release|Any CPU.Build.0 = Release|Any CPU
		{CD6E1956-6D65-4BA7-9080-127B485A3B09}.Debug|Any CPU.ActiveCfg = Debug|Any CPU
		{CD6E1956-6D65-4BA7-9080-127B485A3B09}.Debug|Any CPU.Build.0 = Debug|Any CPU
		{CD6E1956-6D65-4BA7-9080-127B485A3B09}.Release|Any CPU.ActiveCfg = Release|Any CPU
		{CD6E1956-6D65-4BA7-9080-127B485A3B09}.Release|Any CPU.Build.0 = Release|Any CPU
	EndGlobalSection
	GlobalSection(SolutionProperties) = preSolution
		HideSolutionNode = FALSE
	EndGlobalSection
	GlobalSection(ExtensibilityGlobals) = postSolution
		SolutionGuid = {59F63C47-D138-437E-B818-83FEF877325B}
	EndGlobalSection
EndGlobal
