
Microsoft Visual Studio Solution File, Format Version 12.00
# Visual Studio Version 17
VisualStudioVersion = 17.8.34330.188
MinimumVisualStudioVersion = 10.0.40219.1
Project("{FAE04EC0-301F-11D3-BF4B-00C04F79EFBC}") = "Homework01_01", "Homework01_01\Homework01_01.csproj", "{792FA077-6F26-46DC-88C8-DEE00E65C0A3}"
EndProject
Project("{FAE04EC0-301F-11D3-BF4B-00C04F79EFBC}") = "Homework01_02", "Homework01_02\Homework01_02.csproj", "{A68D9CF7-A847-4372-AC00-569E96133ABF}"
EndProject
Project("{FAE04EC0-301F-11D3-BF4B-00C04F79EFBC}") = "Homework01_03", "Homework01_03\Homework01_03.csproj", "{7BF1B186-0B96-4812-A82B-49E71D193580}"
EndProject
Project("{FAE04EC0-301F-11D3-BF4B-00C04F79EFBC}") = "Homework01_04", "Homework01_04\Homework01_04.csproj", "{02CD7B6D-216B-4E03-A811-E2BE55D398B7}"
EndProject
Global
	GlobalSection(SolutionConfigurationPlatforms) = preSolution
		Debug|Any CPU = Debug|Any CPU
		Release|Any CPU = Release|Any CPU
	EndGlobalSection
	GlobalSection(ProjectConfigurationPlatforms) = postSolution
		{792FA077-6F26-46DC-88C8-DEE00E65C0A3}.Debug|Any CPU.ActiveCfg = Debug|Any CPU
		{792FA077-6F26-46DC-88C8-DEE00E65C0A3}.Debug|Any CPU.Build.0 = Debug|Any CPU
		{792FA077-6F26-46DC-88C8-DEE00E65C0A3}.Release|Any CPU.ActiveCfg = Release|Any CPU
		{792FA077-6F26-46DC-88C8-DEE00E65C0A3}.Release|Any CPU.Build.0 = Release|Any CPU
		{A68D9CF7-A847-4372-AC00-569E96133ABF}.Debug|Any CPU.ActiveCfg = Debug|Any CPU
		{A68D9CF7-A847-4372-AC00-569E96133ABF}.Debug|Any CPU.Build.0 = Debug|Any CPU
		{A68D9CF7-A847-4372-AC00-569E96133ABF}.Release|Any CPU.ActiveCfg = Release|Any CPU
		{A68D9CF7-A847-4372-AC00-569E96133ABF}.Release|Any CPU.Build.0 = Release|Any CPU
		{7BF1B186-0B96-4812-A82B-49E71D193580}.Debug|Any CPU.ActiveCfg = Debug|Any CPU
		{7BF1B186-0B96-4812-A82B-49E71D193580}.Debug|Any CPU.Build.0 = Debug|Any CPU
		{7BF1B186-0B96-4812-A82B-49E71D193580}.Release|Any CPU.ActiveCfg = Release|Any CPU
		{7BF1B186-0B96-4812-A82B-49E71D193580}.Release|Any CPU.Build.0 = Release|Any CPU
		{02CD7B6D-216B-4E03-A811-E2BE55D398B7}.Debug|Any CPU.ActiveCfg = Debug|Any CPU
		{02CD7B6D-216B-4E03-A811-E2BE55D398B7}.Debug|Any CPU.Build.0 = Debug|Any CPU
		{02CD7B6D-216B-4E03-A811-E2BE55D398B7}.Release|Any CPU.ActiveCfg = Release|Any CPU
		{02CD7B6D-216B-4E03-A811-E2BE55D398B7}.Release|Any CPU.Build.0 = Release|Any CPU
	EndGlobalSection
	GlobalSection(SolutionProperties) = preSolution
		HideSolutionNode = FALSE
	EndGlobalSection
	GlobalSection(ExtensibilityGlobals) = postSolution
		SolutionGuid = {59F63C47-D138-437E-B818-83FEF877325B}
	EndGlobalSection
EndGlobal
