
Microsoft Visual Studio Solution File, Format Version 12.00
# Visual Studio Version 17
VisualStudioVersion = 17.8.34330.188
MinimumVisualStudioVersion = 10.0.40219.1
Project("{FAE04EC0-301F-11D3-BF4B-00C04F79EFBC}") = "Homework01_01", "Homework01_01\Homework01_01.csproj", "{792FA077-6F26-46DC-88C8-DEE00E65C0A3}"
EndProject
Project("{FAE04EC0-301F-11D3-BF4B-00C04F79EFBC}") = "Homework01_02", "Homework01_02\Homework01_02.csproj", "{A68D9CF7-A847-4372-AC00-569E96133ABF}"
EndProject
Project("{FAE04EC0-301F-11D3-BF4B-00C04F79EFBC}") = "Homework01_03", "Homework01_03\Homework01_03.csproj", "{7BF1B186-0B96-4812-A82B-49E71D193580}"
EndProject
Project("{FAE04EC0-301F-11D3-BF4B-00C04F79EFBC}") = "Homework01_04", "Homework01_04\Homework01_04.csproj", "{02CD7B6D-216B-4E03-A811-E2BE55D398B7}"
EndProject
Project("{FAE04EC0-301F-11D3-BF4B-00C04F79EFBC}") = "Homework03-03", "Homework03-03\Homework03-03.csproj", "{58467099-BDA4-44EC-8BD3-D828C023F7D0}"
EndProject
Project("{FAE04EC0-301F-11D3-BF4B-00C04F79EFBC}") = "Homework03-04", "Homework03-04\Homework03-04.csproj", "{6773256C-5205-4D60-943A-691F615B4237}"
EndProject
Project("{FAE04EC0-301F-11D3-BF4B-00C04F79EFBC}") = "Homework03-01", "Homework03-01\Homework03-01.csproj", "{96E03E45-339F-42D2-9784-03454EACDAC9}"
EndProject
Project("{FAE04EC0-301F-11D3-BF4B-00C04F79EFBC}") = "Homework03-06", "Homework03-06\Homework03-06.csproj", "{D382ED4B-C249-47C7-8044-0B0D3F564B19}"
EndProject
Project("{FAE04EC0-301F-11D3-BF4B-00C04F79EFBC}") = "Homework03-02", "Homework03-02\Homework03-02.csproj", "{F93001B0-ABFC-4153-91B5-C242A798F28B}"
EndProject
Project("{FAE04EC0-301F-11D3-BF4B-00C04F79EFBC}") = "Homework03-05", "Homework03-05\Homework03-05.csproj", "{AA16D8B1-1A61-4BDA-922D-8835258CCA56}"
EndProject
Project("{FAE04EC0-301F-11D3-BF4B-00C04F79EFBC}") = "Homework08-02a", "Homework08-02a\Homework08-02a.csproj", "{7510E142-C579-419B-BFC1-0A9204E5F172}"
EndProject
Project("{FAE04EC0-301F-11D3-BF4B-00C04F79EFBC}") = "Homework08-02b", "Homework08-02b\Homework08-02b.csproj", "{0E73D7AC-3F80-424E-B8A9-D72CE96A2D69}"
EndProject
Project("{FAE04EC0-301F-11D3-BF4B-00C04F79EFBC}") = "Homework08-03", "Homework08-03\Homework08-03.csproj", "{CA9CE81D-9ED3-45CD-A8BA-1E454904D508}"
EndProject
Project("{FAE04EC0-301F-11D3-BF4B-00C04F79EFBC}") = "Homework08-01", "Homework08-01\Homework08-01.csproj", "{941852E6-373C-4928-B1C2-7EFA7E6F6453}"
EndProject
Project("{FAE04EC0-301F-11D3-BF4B-00C04F79EFBC}") = "Homework08-04", "Homework08-04\Homework08-04.csproj", "{8FA34CB4-B889-471D-9E3A-A0B12E6F811A}"
EndProject
Project("{FAE04EC0-301F-11D3-BF4B-00C04F79EFBC}") = "Homework08-05", "Homework08-05\Homework08-05.csproj", "{5A2AF537-5290-4074-B664-8E64279E37E7}"
EndProject
Project("{FAE04EC0-301F-11D3-BF4B-00C04F79EFBC}") = "Homework08-06", "Homework08-06\Homework08-06.csproj", "{CD6E1956-6D65-4BA7-9080-127B485A3B09}"
EndProject
Project("{FAE04EC0-301F-11D3-BF4B-00C04F79EFBC}") = "Homework09-01", "Homework09-01\Homework09-01.csproj", "{3737A0F4-CCE8-486A-A77F-D596CD179158}"
EndProject
Project("{FAE04EC0-301F-11D3-BF4B-00C04F79EFBC}") = "Homework09-02", "Homework9-2\Homework09-02.csproj", "{62ABBF1D-E7B7-4151-AB71-9E052641DD07}"
EndProject
Project("{FAE04EC0-301F-11D3-BF4B-00C04F79EFBC}") = "Homework09-03", "Homework09-03\Homework09-03.csproj", "{6AE2B4B9-7E6E-4553-B3FA-1B06F781FF8D}"
EndProject
Project("{FAE04EC0-301F-11D3-BF4B-00C04F79EFBC}") = "Homework09-04", "Homework09-04\Homework09-04.csproj", "{C74D8D5F-DBDC-4B04-A335-D65131D1B8AD}"
EndProject
Project("{9A19103F-16F7-4668-BE54-9A1E7A4F7556}") = "Homework12-03", "Homework12-03\Homework12-03.csproj", "{9C81B80A-C944-4AA7-B26F-BB679F4E295D}"
EndProject
Project("{9A19103F-16F7-4668-BE54-9A1E7A4F7556}") = "Homework12-01", "Homework12-01\Homework12-01.csproj", "{C3B37516-CEA1-4FCE-98CD-6CA69FD37E97}"
EndProject
Project("{9A19103F-16F7-4668-BE54-9A1E7A4F7556}") = "Homework12-02", "Homework12-02\Homework12-02.csproj", "{ECC75C78-B5C7-4C38-B59D-6AD440918E60}"
EndProject
Project("{9A19103F-16F7-4668-BE54-9A1E7A4F7556}") = "Homework12-06", "Homework12-06\Homework12-06.csproj", "{0B57A792-B34C-45E3-AF27-98010D499AF2}"
EndProject
Project("{9A19103F-16F7-4668-BE54-9A1E7A4F7556}") = "Homework12-04", "Homework12-04\Homework12-04.csproj", "{8AACC898-B242-4BC2-8C3C-12BF828B1F87}"
EndProject
Project("{9A19103F-16F7-4668-BE54-9A1E7A4F7556}") = "Homework12-05", "Homework12-05\Homework12-05.csproj", "{48BD4ACD-362B-4365-9617-ADC95D2BFF50}"
EndProject
Project("{FAE04EC0-301F-11D3-BF4B-00C04F79EFBC}") = "Homework14&16-03", "Homework14&16-03\Homework14&16-03.csproj", "{8637F60E-F153-4B62-9DFC-3D63533D739C}"
EndProject
Project("{FAE04EC0-301F-11D3-BF4B-00C04F79EFBC}") = "BankLibrary", "BankLibrary\BankLibrary.csproj", "{2CC16ED3-9404-40EA-9FA6-D791CC78C264}"
EndProject
Project("{FAE04EC0-301F-11D3-BF4B-00C04F79EFBC}") = "Homework14&16-02", "Homework14&16-02\Homework14&16-02.csproj", "{A53E4D6D-4AF7-4CDA-9C02-98CBDDD7082E}"
EndProject
Global
	GlobalSection(SolutionConfigurationPlatforms) = preSolution
		Debug|Any CPU = Debug|Any CPU
		Release|Any CPU = Release|Any CPU
	EndGlobalSection
	GlobalSection(ProjectConfigurationPlatforms) = postSolution
		{792FA077-6F26-46DC-88C8-DEE00E65C0A3}.Debug|Any CPU.ActiveCfg = Debug|Any CPU
		{792FA077-6F26-46DC-88C8-DEE00E65C0A3}.Debug|Any CPU.Build.0 = Debug|Any CPU
		{792FA077-6F26-46DC-88C8-DEE00E65C0A3}.Release|Any CPU.ActiveCfg = Release|Any CPU
		{792FA077-6F26-46DC-88C8-DEE00E65C0A3}.Release|Any CPU.Build.0 = Release|Any CPU
		{A68D9CF7-A847-4372-AC00-569E96133ABF}.Debug|Any CPU.ActiveCfg = Debug|Any CPU
		{A68D9CF7-A847-4372-AC00-569E96133ABF}.Debug|Any CPU.Build.0 = Debug|Any CPU
		{A68D9CF7-A847-4372-AC00-569E96133ABF}.Release|Any CPU.ActiveCfg = Release|Any CPU
		{A68D9CF7-A847-4372-AC00-569E96133ABF}.Release|Any CPU.Build.0 = Release|Any CPU
		{7BF1B186-0B96-4812-A82B-49E71D193580}.Debug|Any CPU.ActiveCfg = Debug|Any CPU
		{7BF1B186-0B96-4812-A82B-49E71D193580}.Debug|Any CPU.Build.0 = Debug|Any CPU
		{7BF1B186-0B96-4812-A82B-49E71D193580}.Release|Any CPU.ActiveCfg = Release|Any CPU
		{7BF1B186-0B96-4812-A82B-49E71D193580}.Release|Any CPU.Build.0 = Release|Any CPU
		{02CD7B6D-216B-4E03-A811-E2BE55D398B7}.Debug|Any CPU.ActiveCfg = Debug|Any CPU
		{02CD7B6D-216B-4E03-A811-E2BE55D398B7}.Debug|Any CPU.Build.0 = Debug|Any CPU
		{02CD7B6D-216B-4E03-A811-E2BE55D398B7}.Release|Any CPU.ActiveCfg = Release|Any CPU
		{02CD7B6D-216B-4E03-A811-E2BE55D398B7}.Release|Any CPU.Build.0 = Release|Any CPU
		{58467099-BDA4-44EC-8BD3-D828C023F7D0}.Debug|Any CPU.ActiveCfg = Debug|Any CPU
		{58467099-BDA4-44EC-8BD3-D828C023F7D0}.Debug|Any CPU.Build.0 = Debug|Any CPU
		{58467099-BDA4-44EC-8BD3-D828C023F7D0}.Release|Any CPU.ActiveCfg = Release|Any CPU
		{58467099-BDA4-44EC-8BD3-D828C023F7D0}.Release|Any CPU.Build.0 = Release|Any CPU
		{6773256C-5205-4D60-943A-691F615B4237}.Debug|Any CPU.ActiveCfg = Debug|Any CPU
		{6773256C-5205-4D60-943A-691F615B4237}.Debug|Any CPU.Build.0 = Debug|Any CPU
		{6773256C-5205-4D60-943A-691F615B4237}.Release|Any CPU.ActiveCfg = Release|Any CPU
		{6773256C-5205-4D60-943A-691F615B4237}.Release|Any CPU.Build.0 = Release|Any CPU
		{96E03E45-339F-42D2-9784-03454EACDAC9}.Debug|Any CPU.ActiveCfg = Debug|Any CPU
		{96E03E45-339F-42D2-9784-03454EACDAC9}.Debug|Any CPU.Build.0 = Debug|Any CPU
		{96E03E45-339F-42D2-9784-03454EACDAC9}.Release|Any CPU.ActiveCfg = Release|Any CPU
		{96E03E45-339F-42D2-9784-03454EACDAC9}.Release|Any CPU.Build.0 = Release|Any CPU
		{D382ED4B-C249-47C7-8044-0B0D3F564B19}.Debug|Any CPU.ActiveCfg = Debug|Any CPU
		{D382ED4B-C249-47C7-8044-0B0D3F564B19}.Debug|Any CPU.Build.0 = Debug|Any CPU
		{D382ED4B-C249-47C7-8044-0B0D3F564B19}.Release|Any CPU.ActiveCfg = Release|Any CPU
		{D382ED4B-C249-47C7-8044-0B0D3F564B19}.Release|Any CPU.Build.0 = Release|Any CPU
		{F93001B0-ABFC-4153-91B5-C242A798F28B}.Debug|Any CPU.ActiveCfg = Debug|Any CPU
		{F93001B0-ABFC-4153-91B5-C242A798F28B}.Debug|Any CPU.Build.0 = Debug|Any CPU
		{F93001B0-ABFC-4153-91B5-C242A798F28B}.Release|Any CPU.ActiveCfg = Release|Any CPU
		{F93001B0-ABFC-4153-91B5-C242A798F28B}.Release|Any CPU.Build.0 = Release|Any CPU
		{AA16D8B1-1A61-4BDA-922D-8835258CCA56}.Debug|Any CPU.ActiveCfg = Debug|Any CPU
		{AA16D8B1-1A61-4BDA-922D-8835258CCA56}.Debug|Any CPU.Build.0 = Debug|Any CPU
		{AA16D8B1-1A61-4BDA-922D-8835258CCA56}.Release|Any CPU.ActiveCfg = Release|Any CPU
		{AA16D8B1-1A61-4BDA-922D-8835258CCA56}.Release|Any CPU.Build.0 = Release|Any CPU
		{7510E142-C579-419B-BFC1-0A9204E5F172}.Debug|Any CPU.ActiveCfg = Debug|Any CPU
		{7510E142-C579-419B-BFC1-0A9204E5F172}.Debug|Any CPU.Build.0 = Debug|Any CPU
		{7510E142-C579-419B-BFC1-0A9204E5F172}.Release|Any CPU.ActiveCfg = Release|Any CPU
		{7510E142-C579-419B-BFC1-0A9204E5F172}.Release|Any CPU.Build.0 = Release|Any CPU
		{0E73D7AC-3F80-424E-B8A9-D72CE96A2D69}.Debug|Any CPU.ActiveCfg = Debug|Any CPU
		{0E73D7AC-3F80-424E-B8A9-D72CE96A2D69}.Debug|Any CPU.Build.0 = Debug|Any CPU
		{0E73D7AC-3F80-424E-B8A9-D72CE96A2D69}.Release|Any CPU.ActiveCfg = Release|Any CPU
		{0E73D7AC-3F80-424E-B8A9-D72CE96A2D69}.Release|Any CPU.Build.0 = Release|Any CPU
		{CA9CE81D-9ED3-45CD-A8BA-1E454904D508}.Debug|Any CPU.ActiveCfg = Debug|Any CPU
		{CA9CE81D-9ED3-45CD-A8BA-1E454904D508}.Debug|Any CPU.Build.0 = Debug|Any CPU
		{CA9CE81D-9ED3-45CD-A8BA-1E454904D508}.Release|Any CPU.ActiveCfg = Release|Any CPU
		{CA9CE81D-9ED3-45CD-A8BA-1E454904D508}.Release|Any CPU.Build.0 = Release|Any CPU
		{941852E6-373C-4928-B1C2-7EFA7E6F6453}.Debug|Any CPU.ActiveCfg = Debug|Any CPU
		{941852E6-373C-4928-B1C2-7EFA7E6F6453}.Debug|Any CPU.Build.0 = Debug|Any CPU
		{941852E6-373C-4928-B1C2-7EFA7E6F6453}.Release|Any CPU.ActiveCfg = Release|Any CPU
		{941852E6-373C-4928-B1C2-7EFA7E6F6453}.Release|Any CPU.Build.0 = Release|Any CPU
		{8FA34CB4-B889-471D-9E3A-A0B12E6F811A}.Debug|Any CPU.ActiveCfg = Debug|Any CPU
		{8FA34CB4-B889-471D-9E3A-A0B12E6F811A}.Debug|Any CPU.Build.0 = Debug|Any CPU
		{8FA34CB4-B889-471D-9E3A-A0B12E6F811A}.Release|Any CPU.ActiveCfg = Release|Any CPU
		{8FA34CB4-B889-471D-9E3A-A0B12E6F811A}.Release|Any CPU.Build.0 = Release|Any CPU
		{5A2AF537-5290-4074-B664-8E64279E37E7}.Debug|Any CPU.ActiveCfg = Debug|Any CPU
		{5A2AF537-5290-4074-B664-8E64279E37E7}.Debug|Any CPU.Build.0 = Debug|Any CPU
		{5A2AF537-5290-4074-B664-8E64279E37E7}.Release|Any CPU.ActiveCfg = Release|Any CPU
		{5A2AF537-5290-4074-B664-8E64279E37E7}.Release|Any CPU.Build.0 = Release|Any CPU
		{CD6E1956-6D65-4BA7-9080-127B485A3B09}.Debug|Any CPU.ActiveCfg = Debug|Any CPU
		{CD6E1956-6D65-4BA7-9080-127B485A3B09}.Debug|Any CPU.Build.0 = Debug|Any CPU
		{CD6E1956-6D65-4BA7-9080-127B485A3B09}.Release|Any CPU.ActiveCfg = Release|Any CPU
		{CD6E1956-6D65-4BA7-9080-127B485A3B09}.Release|Any CPU.Build.0 = Release|Any CPU
		{3737A0F4-CCE8-486A-A77F-D596CD179158}.Debug|Any CPU.ActiveCfg = Debug|Any CPU
		{3737A0F4-CCE8-486A-A77F-D596CD179158}.Debug|Any CPU.Build.0 = Debug|Any CPU
		{3737A0F4-CCE8-486A-A77F-D596CD179158}.Release|Any CPU.ActiveCfg = Release|Any CPU
		{3737A0F4-CCE8-486A-A77F-D596CD179158}.Release|Any CPU.Build.0 = Release|Any CPU
		{62ABBF1D-E7B7-4151-AB71-9E052641DD07}.Debug|Any CPU.ActiveCfg = Debug|Any CPU
		{62ABBF1D-E7B7-4151-AB71-9E052641DD07}.Debug|Any CPU.Build.0 = Debug|Any CPU
		{62ABBF1D-E7B7-4151-AB71-9E052641DD07}.Release|Any CPU.ActiveCfg = Release|Any CPU
		{62ABBF1D-E7B7-4151-AB71-9E052641DD07}.Release|Any CPU.Build.0 = Release|Any CPU
		{6AE2B4B9-7E6E-4553-B3FA-1B06F781FF8D}.Debug|Any CPU.ActiveCfg = Debug|Any CPU
		{6AE2B4B9-7E6E-4553-B3FA-1B06F781FF8D}.Debug|Any CPU.Build.0 = Debug|Any CPU
		{6AE2B4B9-7E6E-4553-B3FA-1B06F781FF8D}.Release|Any CPU.ActiveCfg = Release|Any CPU
		{6AE2B4B9-7E6E-4553-B3FA-1B06F781FF8D}.Release|Any CPU.Build.0 = Release|Any CPU
		{C74D8D5F-DBDC-4B04-A335-D65131D1B8AD}.Debug|Any CPU.ActiveCfg = Debug|Any CPU
		{C74D8D5F-DBDC-4B04-A335-D65131D1B8AD}.Debug|Any CPU.Build.0 = Debug|Any CPU
		{C74D8D5F-DBDC-4B04-A335-D65131D1B8AD}.Release|Any CPU.ActiveCfg = Release|Any CPU
		{C74D8D5F-DBDC-4B04-A335-D65131D1B8AD}.Release|Any CPU.Build.0 = Release|Any CPU
		{9C81B80A-C944-4AA7-B26F-BB679F4E295D}.Debug|Any CPU.ActiveCfg = Debug|Any CPU
		{9C81B80A-C944-4AA7-B26F-BB679F4E295D}.Debug|Any CPU.Build.0 = Debug|Any CPU
		{9C81B80A-C944-4AA7-B26F-BB679F4E295D}.Release|Any CPU.ActiveCfg = Release|Any CPU
		{9C81B80A-C944-4AA7-B26F-BB679F4E295D}.Release|Any CPU.Build.0 = Release|Any CPU
		{C3B37516-CEA1-4FCE-98CD-6CA69FD37E97}.Debug|Any CPU.ActiveCfg = Debug|Any CPU
		{C3B37516-CEA1-4FCE-98CD-6CA69FD37E97}.Debug|Any CPU.Build.0 = Debug|Any CPU
		{C3B37516-CEA1-4FCE-98CD-6CA69FD37E97}.Release|Any CPU.ActiveCfg = Release|Any CPU
		{C3B37516-CEA1-4FCE-98CD-6CA69FD37E97}.Release|Any CPU.Build.0 = Release|Any CPU
		{ECC75C78-B5C7-4C38-B59D-6AD440918E60}.Debug|Any CPU.ActiveCfg = Debug|Any CPU
		{ECC75C78-B5C7-4C38-B59D-6AD440918E60}.Debug|Any CPU.Build.0 = Debug|Any CPU
		{ECC75C78-B5C7-4C38-B59D-6AD440918E60}.Release|Any CPU.ActiveCfg = Release|Any CPU
		{ECC75C78-B5C7-4C38-B59D-6AD440918E60}.Release|Any CPU.Build.0 = Release|Any CPU
		{0B57A792-B34C-45E3-AF27-98010D499AF2}.Debug|Any CPU.ActiveCfg = Debug|Any CPU
		{0B57A792-B34C-45E3-AF27-98010D499AF2}.Debug|Any CPU.Build.0 = Debug|Any CPU
		{0B57A792-B34C-45E3-AF27-98010D499AF2}.Release|Any CPU.ActiveCfg = Release|Any CPU
		{0B57A792-B34C-45E3-AF27-98010D499AF2}.Release|Any CPU.Build.0 = Release|Any CPU
		{8AACC898-B242-4BC2-8C3C-12BF828B1F87}.Debug|Any CPU.ActiveCfg = Debug|Any CPU
		{8AACC898-B242-4BC2-8C3C-12BF828B1F87}.Debug|Any CPU.Build.0 = Debug|Any CPU
		{8AACC898-B242-4BC2-8C3C-12BF828B1F87}.Release|Any CPU.ActiveCfg = Release|Any CPU
		{8AACC898-B242-4BC2-8C3C-12BF828B1F87}.Release|Any CPU.Build.0 = Release|Any CPU
		{48BD4ACD-362B-4365-9617-ADC95D2BFF50}.Debug|Any CPU.ActiveCfg = Debug|Any CPU
		{48BD4ACD-362B-4365-9617-ADC95D2BFF50}.Debug|Any CPU.Build.0 = Debug|Any CPU
		{48BD4ACD-362B-4365-9617-ADC95D2BFF50}.Release|Any CPU.ActiveCfg = Release|Any CPU
		{48BD4ACD-362B-4365-9617-ADC95D2BFF50}.Release|Any CPU.Build.0 = Release|Any CPU
		{8637F60E-F153-4B62-9DFC-3D63533D739C}.Debug|Any CPU.ActiveCfg = Debug|Any CPU
		{8637F60E-F153-4B62-9DFC-3D63533D739C}.Debug|Any CPU.Build.0 = Debug|Any CPU
		{8637F60E-F153-4B62-9DFC-3D63533D739C}.Release|Any CPU.ActiveCfg = Release|Any CPU
		{8637F60E-F153-4B62-9DFC-3D63533D739C}.Release|Any CPU.Build.0 = Release|Any CPU
		{2CC16ED3-9404-40EA-9FA6-D791CC78C264}.Debug|Any CPU.ActiveCfg = Debug|Any CPU
		{2CC16ED3-9404-40EA-9FA6-D791CC78C264}.Debug|Any CPU.Build.0 = Debug|Any CPU
		{2CC16ED3-9404-40EA-9FA6-D791CC78C264}.Release|Any CPU.ActiveCfg = Release|Any CPU
		{2CC16ED3-9404-40EA-9FA6-D791CC78C264}.Release|Any CPU.Build.0 = Release|Any CPU
		{A53E4D6D-4AF7-4CDA-9C02-98CBDDD7082E}.Debug|Any CPU.ActiveCfg = Debug|Any CPU
		{A53E4D6D-4AF7-4CDA-9C02-98CBDDD7082E}.Debug|Any CPU.Build.0 = Debug|Any CPU
		{A53E4D6D-4AF7-4CDA-9C02-98CBDDD7082E}.Release|Any CPU.ActiveCfg = Release|Any CPU
		{A53E4D6D-4AF7-4CDA-9C02-98CBDDD7082E}.Release|Any CPU.Build.0 = Release|Any CPU
	EndGlobalSection
	GlobalSection(SolutionProperties) = preSolution
		HideSolutionNode = FALSE
	EndGlobalSection
	GlobalSection(ExtensibilityGlobals) = postSolution
		SolutionGuid = {59F63C47-D138-437E-B818-83FEF877325B}
	EndGlobalSection
EndGlobal
